
Microsoft Visual Studio Solution File, Format Version 12.00
# Visual Studio 15
VisualStudioVersion = 15.0.26124.0
MinimumVisualStudioVersion = 15.0.26124.0
Project("{FAE04EC0-301F-11D3-BF4B-00C04F79EFBC}") = "CSITDemo", "CSITDemo\CSITDemo.csproj", "{A040D9BE-ADBA-4B88-90A5-53185E66A125}"
EndProject
Project("{FAE04EC0-301F-11D3-BF4B-00C04F79EFBC}") = "CSITDemoRazor", "CSITDemoRazor\CSITDemoRazor.csproj", "{07627520-DEEC-4FBA-8CAE-C9D18416CF67}"
EndProject
Global
	GlobalSection(SolutionConfigurationPlatforms) = preSolution
		Debug|Any CPU = Debug|Any CPU
		Debug|x64 = Debug|x64
		Debug|x86 = Debug|x86
		Release|Any CPU = Release|Any CPU
		Release|x64 = Release|x64
		Release|x86 = Release|x86
	EndGlobalSection
	GlobalSection(SolutionProperties) = preSolution
		HideSolutionNode = FALSE
	EndGlobalSection
	GlobalSection(ProjectConfigurationPlatforms) = postSolution
		{A040D9BE-ADBA-4B88-90A5-53185E66A125}.Debug|Any CPU.ActiveCfg = Debug|Any CPU
		{A040D9BE-ADBA-4B88-90A5-53185E66A125}.Debug|Any CPU.Build.0 = Debug|Any CPU
		{A040D9BE-ADBA-4B88-90A5-53185E66A125}.Debug|x64.ActiveCfg = Debug|Any CPU
		{A040D9BE-ADBA-4B88-90A5-53185E66A125}.Debug|x64.Build.0 = Debug|Any CPU
		{A040D9BE-ADBA-4B88-90A5-53185E66A125}.Debug|x86.ActiveCfg = Debug|Any CPU
		{A040D9BE-ADBA-4B88-90A5-53185E66A125}.Debug|x86.Build.0 = Debug|Any CPU
		{A040D9BE-ADBA-4B88-90A5-53185E66A125}.Release|Any CPU.ActiveCfg = Release|Any CPU
		{A040D9BE-ADBA-4B88-90A5-53185E66A125}.Release|Any CPU.Build.0 = Release|Any CPU
		{A040D9BE-ADBA-4B88-90A5-53185E66A125}.Release|x64.ActiveCfg = Release|Any CPU
		{A040D9BE-ADBA-4B88-90A5-53185E66A125}.Release|x64.Build.0 = Release|Any CPU
		{A040D9BE-ADBA-4B88-90A5-53185E66A125}.Release|x86.ActiveCfg = Release|Any CPU
		{A040D9BE-ADBA-4B88-90A5-53185E66A125}.Release|x86.Build.0 = Release|Any CPU
		{07627520-DEEC-4FBA-8CAE-C9D18416CF67}.Debug|Any CPU.ActiveCfg = Debug|Any CPU
		{07627520-DEEC-4FBA-8CAE-C9D18416CF67}.Debug|Any CPU.Build.0 = Debug|Any CPU
		{07627520-DEEC-4FBA-8CAE-C9D18416CF67}.Debug|x64.ActiveCfg = Debug|Any CPU
		{07627520-DEEC-4FBA-8CAE-C9D18416CF67}.Debug|x64.Build.0 = Debug|Any CPU
		{07627520-DEEC-4FBA-8CAE-C9D18416CF67}.Debug|x86.ActiveCfg = Debug|Any CPU
		{07627520-DEEC-4FBA-8CAE-C9D18416CF67}.Debug|x86.Build.0 = Debug|Any CPU
		{07627520-DEEC-4FBA-8CAE-C9D18416CF67}.Release|Any CPU.ActiveCfg = Release|Any CPU
		{07627520-DEEC-4FBA-8CAE-C9D18416CF67}.Release|Any CPU.Build.0 = Release|Any CPU
		{07627520-DEEC-4FBA-8CAE-C9D18416CF67}.Release|x64.ActiveCfg = Release|Any CPU
		{07627520-DEEC-4FBA-8CAE-C9D18416CF67}.Release|x64.Build.0 = Release|Any CPU
		{07627520-DEEC-4FBA-8CAE-C9D18416CF67}.Release|x86.ActiveCfg = Release|Any CPU
		{07627520-DEEC-4FBA-8CAE-C9D18416CF67}.Release|x86.Build.0 = Release|Any CPU
	EndGlobalSection
EndGlobal
